{
  "name": "t-rex",
  "lockfileVersion": 3,
  "requires": true,
  "packages": {
    "": {
      "devDependencies": {
        "prettier": "^3.3.2",
        "prettier-plugin-jinja-template": "^1.4.1"
      }
    },
    "node_modules/prettier": {
      "version": "3.3.2",
      "resolved": "https://registry.npmjs.org/prettier/-/prettier-3.3.2.tgz",
      "integrity": "sha512-rAVeHYMcv8ATV5d508CFdn+8/pHPpXeIid1DdrPwXnaAdH7cqjVbpJaT5eq4yRAFU/lsbwYwSF/n5iNrdJHPQA==",
      "dev": true,
      "bin": {
        "prettier": "bin/prettier.cjs"
      },
      "engines": {
        "node": ">=14"
      },
      "funding": {
        "url": "https://github.com/prettier/prettier?sponsor=1"
      }
    },
    "node_modules/prettier-plugin-jinja-template": {
      "version": "1.4.1",
      "resolved": "https://registry.npmjs.org/prettier-plugin-jinja-template/-/prettier-plugin-jinja-template-1.4.1.tgz",
      "integrity": "sha512-YHDa/f9BpEDIYIPKsnmoKQudWszXBPaVifjR7X+W2n/uAzWLXV/j9FEvua3np7gkzSEOFyapJQrCS4YhhbhbdA==",
      "dev": true,
      "peerDependencies": {
        "prettier": "^3.0.0"
      }
    }
  }
}
