{
  "name": "t-rex",
  "lockfileVersion": 3,
  "requires": true,
  "packages": {
    "": {
      "devDependencies": {
        "prettier": "^3.0.3",
        "prettier-plugin-jinja-template": "^1.1.0"
      }
    },
    "node_modules/prettier": {
      "version": "3.0.3",
      "resolved": "https://registry.npmjs.org/prettier/-/prettier-3.0.3.tgz",
      "integrity": "sha512-L/4pUDMxcNa8R/EthV08Zt42WBO4h1rarVtK0K+QJG0X187OLo7l699jWw0GKuwzkPQ//jMFA/8Xm6Fh3J/DAg==",
      "dev": true,
      "bin": {
        "prettier": "bin/prettier.cjs"
      },
      "engines": {
        "node": ">=14"
      },
      "funding": {
        "url": "https://github.com/prettier/prettier?sponsor=1"
      }
    },
    "node_modules/prettier-plugin-jinja-template": {
      "version": "1.1.0",
      "resolved": "https://registry.npmjs.org/prettier-plugin-jinja-template/-/prettier-plugin-jinja-template-1.1.0.tgz",
      "integrity": "sha512-mnKdZ2DqJtClJJgZMnX60EE2Ha2ETcx/p6w8SWBMcmh+DED09PjSlYjT2+rDfn1/2B2IRTHxy4gvPGEGabYMYw==",
      "dev": true,
      "peerDependencies": {
        "prettier": "^3.0.0"
      }
    }
  }
}
